
Microsoft Visual Studio Solution File, Format Version 12.00
# Visual Studio 2012
Project("{FAE04EC0-301F-11D3-BF4B-00C04F79EFBC}") = "007ConsoleApplication1", "007ConsoleApplication1\007ConsoleApplication1.csproj", "{2E215141-50C4-4329-8714-39D3F380B684}"
EndProject
Global
	GlobalSection(SolutionConfigurationPlatforms) = preSolution
		Debug|Any CPU = Debug|Any CPU
		Release|Any CPU = Release|Any CPU
	EndGlobalSection
	GlobalSection(ProjectConfigurationPlatforms) = postSolution
		{2E215141-50C4-4329-8714-39D3F380B684}.Debug|Any CPU.ActiveCfg = Debug|Any CPU
		{2E215141-50C4-4329-8714-39D3F380B684}.Debug|Any CPU.Build.0 = Debug|Any CPU
		{2E215141-50C4-4329-8714-39D3F380B684}.Release|Any CPU.ActiveCfg = Release|Any CPU
		{2E215141-50C4-4329-8714-39D3F380B684}.Release|Any CPU.Build.0 = Release|Any CPU
	EndGlobalSection
	GlobalSection(SolutionProperties) = preSolution
		HideSolutionNode = FALSE
	EndGlobalSection
EndGlobal
