
Microsoft Visual Studio Solution File, Format Version 12.00
# Visual Studio 2012
Project("{FAE04EC0-301F-11D3-BF4B-00C04F79EFBC}") = "022ConsoleApplication1", "022ConsoleApplication1\022ConsoleApplication1.csproj", "{BF76CE0E-EF9E-44E4-880E-B99C0F2EA685}"
EndProject
Global
	GlobalSection(SolutionConfigurationPlatforms) = preSolution
		Debug|Any CPU = Debug|Any CPU
		Release|Any CPU = Release|Any CPU
	EndGlobalSection
	GlobalSection(ProjectConfigurationPlatforms) = postSolution
		{BF76CE0E-EF9E-44E4-880E-B99C0F2EA685}.Debug|Any CPU.ActiveCfg = Debug|Any CPU
		{BF76CE0E-EF9E-44E4-880E-B99C0F2EA685}.Debug|Any CPU.Build.0 = Debug|Any CPU
		{BF76CE0E-EF9E-44E4-880E-B99C0F2EA685}.Release|Any CPU.ActiveCfg = Release|Any CPU
		{BF76CE0E-EF9E-44E4-880E-B99C0F2EA685}.Release|Any CPU.Build.0 = Release|Any CPU
	EndGlobalSection
	GlobalSection(SolutionProperties) = preSolution
		HideSolutionNode = FALSE
	EndGlobalSection
EndGlobal
