
Microsoft Visual Studio Solution File, Format Version 12.00
# Visual Studio 2012
Project("{FAE04EC0-301F-11D3-BF4B-00C04F79EFBC}") = "004ConsoleApplication1", "004ConsoleApplication1\004ConsoleApplication1.csproj", "{CA5FD33E-6D91-49D6-846E-C41F57A4E2CB}"
EndProject
Global
	GlobalSection(SolutionConfigurationPlatforms) = preSolution
		Debug|Any CPU = Debug|Any CPU
		Release|Any CPU = Release|Any CPU
	EndGlobalSection
	GlobalSection(ProjectConfigurationPlatforms) = postSolution
		{CA5FD33E-6D91-49D6-846E-C41F57A4E2CB}.Debug|Any CPU.ActiveCfg = Debug|Any CPU
		{CA5FD33E-6D91-49D6-846E-C41F57A4E2CB}.Debug|Any CPU.Build.0 = Debug|Any CPU
		{CA5FD33E-6D91-49D6-846E-C41F57A4E2CB}.Release|Any CPU.ActiveCfg = Release|Any CPU
		{CA5FD33E-6D91-49D6-846E-C41F57A4E2CB}.Release|Any CPU.Build.0 = Release|Any CPU
	EndGlobalSection
	GlobalSection(SolutionProperties) = preSolution
		HideSolutionNode = FALSE
	EndGlobalSection
EndGlobal
